
Microsoft Visual Studio Solution File, Format Version 12.00
# Visual Studio Version 17
VisualStudioVersion = 17.2.32526.322
MinimumVisualStudioVersion = 10.0.40219.1
Project("{FAE04EC0-301F-11D3-BF4B-00C04F79EFBC}") = "Test", "Test.csproj", "{A2EDAEA5-4385-4156-A1BB-8588E3FFCC0D}"
EndProject
Global
	GlobalSection(SolutionConfigurationPlatforms) = preSolution
		Debug|Any CPU = Debug|Any CPU
		Release|Any CPU = Release|Any CPU
	EndGlobalSection
	GlobalSection(ProjectConfigurationPlatforms) = postSolution
		{A2EDAEA5-4385-4156-A1BB-8588E3FFCC0D}.Debug|Any CPU.ActiveCfg = Debug|Any CPU
		{A2EDAEA5-4385-4156-A1BB-8588E3FFCC0D}.Debug|Any CPU.Build.0 = Debug|Any CPU
		{A2EDAEA5-4385-4156-A1BB-8588E3FFCC0D}.Release|Any CPU.ActiveCfg = Release|Any CPU
		{A2EDAEA5-4385-4156-A1BB-8588E3FFCC0D}.Release|Any CPU.Build.0 = Release|Any CPU
	EndGlobalSection
	GlobalSection(SolutionProperties) = preSolution
		HideSolutionNode = FALSE
	EndGlobalSection
	GlobalSection(ExtensibilityGlobals) = postSolution
		SolutionGuid = {629CC366-B559-433C-866E-134E5D95AA3A}
	EndGlobalSection
EndGlobal
